
Microsoft Visual Studio Solution File, Format Version 12.00
# Visual Studio Version 16
VisualStudioVersion = 16.0.28803.352
MinimumVisualStudioVersion = 10.0.40219.1
Project("{FAE04EC0-301F-11D3-BF4B-00C04F79EFBC}") = "AnsweringMachine", "AnsweringMachine\AnsweringMachine.csproj", "{AECC7FF9-D938-41EE-9DF1-39ED373DA832}"
EndProject
Global
	GlobalSection(SolutionConfigurationPlatforms) = preSolution
		Debug|Any CPU = Debug|Any CPU
		Release|Any CPU = Release|Any CPU
	EndGlobalSection
	GlobalSection(ProjectConfigurationPlatforms) = postSolution
		{AECC7FF9-D938-41EE-9DF1-39ED373DA832}.Debug|Any CPU.ActiveCfg = Debug|Any CPU
		{AECC7FF9-D938-41EE-9DF1-39ED373DA832}.Debug|Any CPU.Build.0 = Debug|Any CPU
		{AECC7FF9-D938-41EE-9DF1-39ED373DA832}.Release|Any CPU.ActiveCfg = Release|Any CPU
		{AECC7FF9-D938-41EE-9DF1-39ED373DA832}.Release|Any CPU.Build.0 = Release|Any CPU
	EndGlobalSection
	GlobalSection(SolutionProperties) = preSolution
		HideSolutionNode = FALSE
	EndGlobalSection
	GlobalSection(ExtensibilityGlobals) = postSolution
		SolutionGuid = {3FFE235D-91AC-403B-A950-577935BF250E}
	EndGlobalSection
EndGlobal
